
Microsoft Visual Studio Solution File, Format Version 12.00
# Visual Studio Version 17
VisualStudioVersion = 17.13.35913.81 d17.13
MinimumVisualStudioVersion = 10.0.40219.1
Project("{FAE04EC0-301F-11D3-BF4B-00C04F79EFBC}") = "ActiveLifeElderServices", "ActiveLifeElderServices\ActiveLifeElderServices.csproj", "{3ABA4986-4455-41F3-8041-38D4C098B051}"
EndProject
Global
	GlobalSection(SolutionConfigurationPlatforms) = preSolution
		Debug|Any CPU = Debug|Any CPU
		Release|Any CPU = Release|Any CPU
	EndGlobalSection
	GlobalSection(ProjectConfigurationPlatforms) = postSolution
		{3ABA4986-4455-41F3-8041-38D4C098B051}.Debug|Any CPU.ActiveCfg = Debug|Any CPU
		{3ABA4986-4455-41F3-8041-38D4C098B051}.Debug|Any CPU.Build.0 = Debug|Any CPU
		{3ABA4986-4455-41F3-8041-38D4C098B051}.Release|Any CPU.ActiveCfg = Release|Any CPU
		{3ABA4986-4455-41F3-8041-38D4C098B051}.Release|Any CPU.Build.0 = Release|Any CPU
	EndGlobalSection
	GlobalSection(SolutionProperties) = preSolution
		HideSolutionNode = FALSE
	EndGlobalSection
	GlobalSection(ExtensibilityGlobals) = postSolution
		SolutionGuid = {B58F17A4-4DEE-43F6-9C71-C655A5D2A78C}
	EndGlobalSection
EndGlobal
